// !$*UTF8*$!
{
	archiveVersion = 1;
	classes = {
	};
	objectVersion = 50;
	objects = {

/* Begin PBXBuildFile section */
		0E4334AF21BCAB5D0075F021 /* AppDelegate.swift in Sources */ = {isa = PBXBuildFile; fileRef = 0E4334AE21BCAB5D0075F021 /* AppDelegate.swift */; };
		0E4334B121BCAB5D0075F021 /* art.scnassets in Resources */ = {isa = PBXBuildFile; fileRef = 0E4334B021BCAB5D0075F021 /* art.scnassets */; };
		0E4334B321BCAB5D0075F021 /* ViewController.swift in Sources */ = {isa = PBXBuildFile; fileRef = 0E4334B221BCAB5D0075F021 /* ViewController.swift */; };
		0E4334B621BCAB5D0075F021 /* Main.storyboard in Resources */ = {isa = PBXBuildFile; fileRef = 0E4334B421BCAB5D0075F021 /* Main.storyboard */; };
		0E4334B821BCAB5F0075F021 /* Assets.xcassets in Resources */ = {isa = PBXBuildFile; fileRef = 0E4334B721BCAB5F0075F021 /* Assets.xcassets */; };
		0E4334BB21BCAB5F0075F021 /* LaunchScreen.storyboard in Resources */ = {isa = PBXBuildFile; fileRef = 0E4334B921BCAB5F0075F021 /* LaunchScreen.storyboard */; };
		0E4334E321BE8AFD0075F021 /* PlaneNode.swift in Sources */ = {isa = PBXBuildFile; fileRef = 0E4334E221BE8AFD0075F021 /* PlaneNode.swift */; };
/* End PBXBuildFile section */

/* Begin PBXFileReference section */
		0E4334AB21BCAB5D0075F021 /* blogs_swift.app */ = {isa = PBXFileReference; explicitFileType = wrapper.application; includeInIndex = 0; path = blogs_swift.app; sourceTree = BUILT_PRODUCTS_DIR; };
		0E4334AE21BCAB5D0075F021 /* AppDelegate.swift */ = {isa = PBXFileReference; lastKnownFileType = sourcecode.swift; path = AppDelegate.swift; sourceTree = "<group>"; };
		0E4334B021BCAB5D0075F021 /* art.scnassets */ = {isa = PBXFileReference; lastKnownFileType = wrapper.scnassets; path = art.scnassets; sourceTree = "<group>"; };
		0E4334B221BCAB5D0075F021 /* ViewController.swift */ = {isa = PBXFileReference; lastKnownFileType = sourcecode.swift; path = ViewController.swift; sourceTree = "<group>"; };
		0E4334B521BCAB5D0075F021 /* Base */ = {isa = PBXFileReference; lastKnownFileType = file.storyboard; name = Base; path = Base.lproj/Main.storyboard; sourceTree = "<group>"; };
		0E4334B721BCAB5F0075F021 /* Assets.xcassets */ = {isa = PBXFileReference; lastKnownFileType = folder.assetcatalog; path = Assets.xcassets; sourceTree = "<group>"; };
		0E4334BA21BCAB5F0075F021 /* Base */ = {isa = PBXFileReference; lastKnownFileType = file.storyboard; name = Base; path = Base.lproj/LaunchScreen.storyboard; sourceTree = "<group>"; };
		0E4334BC21BCAB5F0075F021 /* Info.plist */ = {isa = PBXFileReference; lastKnownFileType = text.plist.xml; path = Info.plist; sourceTree = "<group>"; };
		0E4334E221BE8AFD0075F021 /* PlaneNode.swift */ = {isa = PBXFileReference; lastKnownFileType = sourcecode.swift; path = PlaneNode.swift; sourceTree = "<group>"; };
/* End PBXFileReference section */

/* Begin PBXFrameworksBuildPhase section */
		0E4334A821BCAB5D0075F021 /* Frameworks */ = {
			isa = PBXFrameworksBuildPhase;
			buildActionMask = 2147483647;
			files = (
			);
			runOnlyForDeploymentPostprocessing = 0;
		};
/* End PBXFrameworksBuildPhase section */

/* Begin PBXGroup section */
		0E4334A221BCAB5D0075F021 = {
			isa = PBXGroup;
			children = (
				0E4334AD21BCAB5D0075F021 /* blogs_swift */,
				0E4334AC21BCAB5D0075F021 /* Products */,
			);
			sourceTree = "<group>";
		};
		0E4334AC21BCAB5D0075F021 /* Products */ = {
			isa = PBXGroup;
			children = (
				0E4334AB21BCAB5D0075F021 /* blogs_swift.app */,
			);
			name = Products;
			sourceTree = "<group>";
		};
		0E4334AD21BCAB5D0075F021 /* blogs_swift */ = {
			isa = PBXGroup;
			children = (
				0E4334AE21BCAB5D0075F021 /* AppDelegate.swift */,
				0E4334B021BCAB5D0075F021 /* art.scnassets */,
				0E4334B221BCAB5D0075F021 /* ViewController.swift */,
				0E4334B421BCAB5D0075F021 /* Main.storyboard */,
				0E4334E221BE8AFD0075F021 /* PlaneNode.swift */,
				0E4334B721BCAB5F0075F021 /* Assets.xcassets */,
				0E4334B921BCAB5F0075F021 /* LaunchScreen.storyboard */,
				0E4334BC21BCAB5F0075F021 /* Info.plist */,
			);
			path = blogs_swift;
			sourceTree = "<group>";
		};
/* End PBXGroup section */

/* Begin PBXNativeTarget section */
		0E4334AA21BCAB5D0075F021 /* blogs_swift */ = {
			isa = PBXNativeTarget;
			buildConfigurationList = 0E4334BF21BCAB5F0075F021 /* Build configuration list for PBXNativeTarget "blogs_swift" */;
			buildPhases = (
				0E4334A721BCAB5D0075F021 /* Sources */,
				0E4334A821BCAB5D0075F021 /* Frameworks */,
				0E4334A921BCAB5D0075F021 /* Resources */,
			);
			buildRules = (
			);
			dependencies = (
			);
			name = blogs_swift;
			productName = blogs_swift;
			productReference = 0E4334AB21BCAB5D0075F021 /* blogs_swift.app */;
			productType = "com.apple.product-type.application";
		};
/* End PBXNativeTarget section */

/* Begin PBXProject section */
		0E4334A321BCAB5D0075F021 /* Project object */ = {
			isa = PBXProject;
			attributes = {
				LastSwiftUpdateCheck = 1010;
				LastUpgradeCheck = 1010;
				ORGANIZATIONNAME = Tatsunori;
				TargetAttributes = {
					0E4334AA21BCAB5D0075F021 = {
						CreatedOnToolsVersion = 10.1;
					};
				};
			};
			buildConfigurationList = 0E4334A621BCAB5D0075F021 /* Build configuration list for PBXProject "blogs_swift" */;
			compatibilityVersion = "Xcode 9.3";
			developmentRegion = en;
			hasScannedForEncodings = 0;
			knownRegions = (
				en,
				Base,
			);
			mainGroup = 0E4334A221BCAB5D0075F021;
			productRefGroup = 0E4334AC21BCAB5D0075F021 /* Products */;
			projectDirPath = "";
			projectRoot = "";
			targets = (
				0E4334AA21BCAB5D0075F021 /* blogs_swift */,
			);
		};
/* End PBXProject section */

/* Begin PBXResourcesBuildPhase section */
		0E4334A921BCAB5D0075F021 /* Resources */ = {
			isa = PBXResourcesBuildPhase;
			buildActionMask = 2147483647;
			files = (
				0E4334B121BCAB5D0075F021 /* art.scnassets in Resources */,
				0E4334BB21BCAB5F0075F021 /* LaunchScreen.storyboard in Resources */,
				0E4334B821BCAB5F0075F021 /* Assets.xcassets in Resources */,
				0E4334B621BCAB5D0075F021 /* Main.storyboard in Resources */,
			);
			runOnlyForDeploymentPostprocessing = 0;
		};
/* End PBXResourcesBuildPhase section */

/* Begin PBXSourcesBuildPhase section */
		0E4334A721BCAB5D0075F021 /* Sources */ = {
			isa = PBXSourcesBuildPhase;
			buildActionMask = 2147483647;
			files = (
				0E4334B321BCAB5D0075F021 /* ViewController.swift in Sources */,
				0E4334E321BE8AFD0075F021 /* PlaneNode.swift in Sources */,
				0E4334AF21BCAB5D0075F021 /* AppDelegate.swift in Sources */,
			);
			runOnlyForDeploymentPostprocessing = 0;
		};
/* End PBXSourcesBuildPhase section */

/* Begin PBXVariantGroup section */
		0E4334B421BCAB5D0075F021 /* Main.storyboard */ = {
			isa = PBXVariantGroup;
			children = (
				0E4334B521BCAB5D0075F021 /* Base */,
			);
			name = Main.storyboard;
			sourceTree = "<group>";
		};
		0E4334B921BCAB5F0075F021 /* LaunchScreen.storyboard */ = {
			isa = PBXVariantGroup;
			children = (
				0E4334BA21BCAB5F0075F021 /* Base */,
			);
			name = LaunchScreen.storyboard;
			sourceTree = "<group>";
		};
/* End PBXVariantGroup section */

/* Begin XCBuildConfiguration section */
		0E4334BD21BCAB5F0075F021 /* Debug */ = {
			isa = XCBuildConfiguration;
			buildSettings = {
				ALWAYS_SEARCH_USER_PATHS = NO;
				CLANG_ANALYZER_NONNULL = YES;
				CLANG_ANALYZER_NUMBER_OBJECT_CONVERSION = YES_AGGRESSIVE;
				CLANG_CXX_LANGUAGE_STANDARD = "gnu++14";
				CLANG_CXX_LIBRARY = "libc++";
				CLANG_ENABLE_MODULES = YES;
				CLANG_ENABLE_OBJC_ARC = YES;
				CLANG_ENABLE_OBJC_WEAK = YES;
				CLANG_WARN_BLOCK_CAPTURE_AUTORELEASING = YES;
				CLANG_WARN_BOOL_CONVERSION = YES;
				CLANG_WARN_COMMA = YES;
				CLANG_WARN_CONSTANT_CONVERSION = YES;
				CLANG_WARN_DEPRECATED_OBJC_IMPLEMENTATIONS = YES;
				CLANG_WARN_DIRECT_OBJC_ISA_USAGE = YES_ERROR;
				CLANG_WARN_DOCUMENTATION_COMMENTS = YES;
				CLANG_WARN_EMPTY_BODY = YES;
				CLANG_WARN_ENUM_CONVERSION = YES;
				CLANG_WARN_INFINITE_RECURSION = YES;
				CLANG_WARN_INT_CONVERSION = YES;
				CLANG_WARN_NON_LITERAL_NULL_CONVERSION = YES;
				CLANG_WARN_OBJC_IMPLICIT_RETAIN_SELF = YES;
				CLANG_WARN_OBJC_LITERAL_CONVERSION = YES;
				CLANG_WARN_OBJC_ROOT_CLASS = YES_ERROR;
				CLANG_WARN_RANGE_LOOP_ANALYSIS = YES;
				CLANG_WARN_STRICT_PROTOTYPES = YES;
				CLANG_WARN_SUSPICIOUS_MOVE = YES;
				CLANG_WARN_UNGUARDED_AVAILABILITY = YES_AGGRESSIVE;
				CLANG_WARN_UNREACHABLE_CODE = YES;
				CLANG_WARN__DUPLICATE_METHOD_MATCH = YES;
				CODE_SIGN_IDENTITY = "iPhone Developer";
				COPY_PHASE_STRIP = NO;
				DEBUG_INFORMATION_FORMAT = dwarf;
				ENABLE_STRICT_OBJC_MSGSEND = YES;
				ENABLE_TESTABILITY = YES;
				GCC_C_LANGUAGE_STANDARD = gnu11;
				GCC_DYNAMIC_NO_PIC = NO;
				GCC_NO_COMMON_BLOCKS = YES;
				GCC_OPTIMIZATION_LEVEL = 0;
				GCC_PREPROCESSOR_DEFINITIONS = (
					"DEBUG=1",
					"$(inherited)",
				);
				GCC_WARN_64_TO_32_BIT_CONVERSION = YES;
				GCC_WARN_ABOUT_RETURN_TYPE = YES_ERROR;
				GCC_WARN_UNDECLARED_SELECTOR = YES;
				GCC_WARN_UNINITIALIZED_AUTOS = YES_AGGRESSIVE;
				GCC_WARN_UNUSED_FUNCTION = YES;
				GCC_WARN_UNUSED_VARIABLE = YES;
				IPHONEOS_DEPLOYMENT_TARGET = 12.1;
				MTL_ENABLE_DEBUG_INFO = INCLUDE_SOURCE;
				MTL_FAST_MATH = YES;
				ONLY_ACTIVE_ARCH = YES;
				SDKROOT = iphoneos;
				SWIFT_ACTIVE_COMPILATION_CONDITIONS = DEBUG;
				SWIFT_OPTIMIZATION_LEVEL = "-Onone";
			};
			name = Debug;
		};
		0E4334BE21BCAB5F0075F021 /* Release */ = {
			isa = XCBuildConfiguration;
			buildSettings = {
				ALWAYS_SEARCH_USER_PATHS = NO;
				CLANG_ANALYZER_NONNULL = YES;
				CLANG_ANALYZER_NUMBER_OBJECT_CONVERSION = YES_AGGRESSIVE;
				CLANG_CXX_LANGUAGE_STANDARD = "gnu++14";
				CLANG_CXX_LIBRARY = "libc++";
				CLANG_ENABLE_MODULES = YES;
				CLANG_ENABLE_OBJC_ARC = YES;
				CLANG_ENABLE_OBJC_WEAK = YES;
				CLANG_WARN_BLOCK_CAPTURE_AUTORELEASING = YES;
				CLANG_WARN_BOOL_CONVERSION = YES;
				CLANG_WARN_COMMA = YES;
				CLANG_WARN_CONSTANT_CONVERSION = YES;
				CLANG_WARN_DEPRECATED_OBJC_IMPLEMENTATIONS = YES;
				CLANG_WARN_DIRECT_OBJC_ISA_USAGE = YES_ERROR;
				CLANG_WARN_DOCUMENTATION_COMMENTS = YES;
				CLANG_WARN_EMPTY_BODY = YES;
				CLANG_WARN_ENUM_CONVERSION = YES;
				CLANG_WARN_INFINITE_RECURSION = YES;
				CLANG_WARN_INT_CONVERSION = YES;
				CLANG_WARN_NON_LITERAL_NULL_CONVERSION = YES;
				CLANG_WARN_OBJC_IMPLICIT_RETAIN_SELF = YES;
				CLANG_WARN_OBJC_LITERAL_CONVERSION = YES;
				CLANG_WARN_OBJC_ROOT_CLASS = YES_ERROR;
				CLANG_WARN_RANGE_LOOP_ANALYSIS = YES;
				CLANG_WARN_STRICT_PROTOTYPES = YES;
				CLANG_WARN_SUSPICIOUS_MOVE = YES;
				CLANG_WARN_UNGUARDED_AVAILABILITY = YES_AGGRESSIVE;
				CLANG_WARN_UNREACHABLE_CODE = YES;
				CLANG_WARN__DUPLICATE_METHOD_MATCH = YES;
				CODE_SIGN_IDENTITY = "iPhone Developer";
				COPY_PHASE_STRIP = NO;
				DEBUG_INFORMATION_FORMAT = "dwarf-with-dsym";
				ENABLE_NS_ASSERTIONS = NO;
				ENABLE_STRICT_OBJC_MSGSEND = YES;
				GCC_C_LANGUAGE_STANDARD = gnu11;
				GCC_NO_COMMON_BLOCKS = YES;
				GCC_WARN_64_TO_32_BIT_CONVERSION = YES;
				GCC_WARN_ABOUT_RETURN_TYPE = YES_ERROR;
				GCC_WARN_UNDECLARED_SELECTOR = YES;
				GCC_WARN_UNINITIALIZED_AUTOS = YES_AGGRESSIVE;
				GCC_WARN_UNUSED_FUNCTION = YES;
				GCC_WARN_UNUSED_VARIABLE = YES;
				IPHONEOS_DEPLOYMENT_TARGET = 12.1;
				MTL_ENABLE_DEBUG_INFO = NO;
				MTL_FAST_MATH = YES;
				SDKROOT = iphoneos;
				SWIFT_COMPILATION_MODE = wholemodule;
				SWIFT_OPTIMIZATION_LEVEL = "-O";
				VALIDATE_PRODUCT = YES;
			};
			name = Release;
		};
		0E4334C021BCAB5F0075F021 /* Debug */ = {
			isa = XCBuildConfiguration;
			buildSettings = {
				ASSETCATALOG_COMPILER_APPICON_NAME = AppIcon;
				CODE_SIGN_STYLE = Automatic;
				DEVELOPMENT_TEAM = MSDQFFFB37;
				INFOPLIST_FILE = blogs_swift/Info.plist;
				LD_RUNPATH_SEARCH_PATHS = (
					"$(inherited)",
					"@executable_path/Frameworks",
				);
				PRODUCT_BUNDLE_IDENTIFIER = "com.morimori.blogs-swift";
				PRODUCT_NAME = "$(TARGET_NAME)";
				SWIFT_VERSION = 4.2;
				TARGETED_DEVICE_FAMILY = "1,2";
			};
			name = Debug;
		};
		0E4334C121BCAB5F0075F021 /* Release */ = {
			isa = XCBuildConfiguration;
			buildSettings = {
				ASSETCATALOG_COMPILER_APPICON_NAME = AppIcon;
				CODE_SIGN_STYLE = Automatic;
				DEVELOPMENT_TEAM = MSDQFFFB37;
				INFOPLIST_FILE = blogs_swift/Info.plist;
				LD_RUNPATH_SEARCH_PATHS = (
					"$(inherited)",
					"@executable_path/Frameworks",
				);
				PRODUCT_BUNDLE_IDENTIFIER = "com.morimori.blogs-swift";
				PRODUCT_NAME = "$(TARGET_NAME)";
				SWIFT_VERSION = 4.2;
				TARGETED_DEVICE_FAMILY = "1,2";
			};
			name = Release;
		};
/* End XCBuildConfiguration section */

/* Begin XCConfigurationList section */
		0E4334A621BCAB5D0075F021 /* Build configuration list for PBXProject "blogs_swift" */ = {
			isa = XCConfigurationList;
			buildConfigurations = (
				0E4334BD21BCAB5F0075F021 /* Debug */,
				0E4334BE21BCAB5F0075F021 /* Release */,
			);
			defaultConfigurationIsVisible = 0;
			defaultConfigurationName = Release;
		};
		0E4334BF21BCAB5F0075F021 /* Build configuration list for PBXNativeTarget "blogs_swift" */ = {
			isa = XCConfigurationList;
			buildConfigurations = (
				0E4334C021BCAB5F0075F021 /* Debug */,
				0E4334C121BCAB5F0075F021 /* Release */,
			);
			defaultConfigurationIsVisible = 0;
			defaultConfigurationName = Release;
		};
/* End XCConfigurationList section */
	};
	rootObject = 0E4334A321BCAB5D0075F021 /* Project object */;
}
